
Microsoft Visual Studio Solution File, Format Version 12.00
# Visual Studio Version 17
VisualStudioVersion = 17.6.33815.320
MinimumVisualStudioVersion = 10.0.40219.1
Project("{FAE04EC0-301F-11D3-BF4B-00C04F79EFBC}") = "ass", "ass\ass.csproj", "{7D966218-18DF-499C-A018-2E1D26E1AC4A}"
EndProject
Global
	GlobalSection(SolutionConfigurationPlatforms) = preSolution
		Debug|Any CPU = Debug|Any CPU
		Release|Any CPU = Release|Any CPU
	EndGlobalSection
	GlobalSection(ProjectConfigurationPlatforms) = postSolution
		{7D966218-18DF-499C-A018-2E1D26E1AC4A}.Debug|Any CPU.ActiveCfg = Debug|Any CPU
		{7D966218-18DF-499C-A018-2E1D26E1AC4A}.Debug|Any CPU.Build.0 = Debug|Any CPU
		{7D966218-18DF-499C-A018-2E1D26E1AC4A}.Release|Any CPU.ActiveCfg = Release|Any CPU
		{7D966218-18DF-499C-A018-2E1D26E1AC4A}.Release|Any CPU.Build.0 = Release|Any CPU
	EndGlobalSection
	GlobalSection(SolutionProperties) = preSolution
		HideSolutionNode = FALSE
	EndGlobalSection
	GlobalSection(ExtensibilityGlobals) = postSolution
		SolutionGuid = {5154F1B1-79A1-45C9-B3A6-212E69C6822D}
	EndGlobalSection
EndGlobal
